
Microsoft Visual Studio Solution File, Format Version 12.00
# Visual Studio Version 16
VisualStudioVersion = 16.0.30907.101
MinimumVisualStudioVersion = 10.0.40219.1
Project("{9A19103F-16F7-4668-BE54-9A1E7A4F7556}") = "M5Integration.Client", "M5Integration\Client\M5Integration.Client.csproj", "{7EA1FC60-2884-46A2-94F1-B0A7AFE5001E}"
EndProject
Project("{9A19103F-16F7-4668-BE54-9A1E7A4F7556}") = "M5Integration.Server", "M5Integration\Server\M5Integration.Server.csproj", "{97C0FD31-2716-43EE-AC6B-1C6AA20945C5}"
EndProject
Project("{9A19103F-16F7-4668-BE54-9A1E7A4F7556}") = "M5Integration.Shared", "M5Integration\Shared\M5Integration.Shared.csproj", "{106684F4-6491-4E00-94C2-9EB14F90ADE5}"
EndProject
Global
	GlobalSection(SolutionConfigurationPlatforms) = preSolution
		Debug|Any CPU = Debug|Any CPU
		Release|Any CPU = Release|Any CPU
	EndGlobalSection
	GlobalSection(ProjectConfigurationPlatforms) = postSolution
		{7EA1FC60-2884-46A2-94F1-B0A7AFE5001E}.Debug|Any CPU.ActiveCfg = Debug|Any CPU
		{7EA1FC60-2884-46A2-94F1-B0A7AFE5001E}.Debug|Any CPU.Build.0 = Debug|Any CPU
		{7EA1FC60-2884-46A2-94F1-B0A7AFE5001E}.Release|Any CPU.ActiveCfg = Release|Any CPU
		{7EA1FC60-2884-46A2-94F1-B0A7AFE5001E}.Release|Any CPU.Build.0 = Release|Any CPU
		{97C0FD31-2716-43EE-AC6B-1C6AA20945C5}.Debug|Any CPU.ActiveCfg = Debug|Any CPU
		{97C0FD31-2716-43EE-AC6B-1C6AA20945C5}.Debug|Any CPU.Build.0 = Debug|Any CPU
		{97C0FD31-2716-43EE-AC6B-1C6AA20945C5}.Release|Any CPU.ActiveCfg = Release|Any CPU
		{97C0FD31-2716-43EE-AC6B-1C6AA20945C5}.Release|Any CPU.Build.0 = Release|Any CPU
		{106684F4-6491-4E00-94C2-9EB14F90ADE5}.Debug|Any CPU.ActiveCfg = Debug|Any CPU
		{106684F4-6491-4E00-94C2-9EB14F90ADE5}.Debug|Any CPU.Build.0 = Debug|Any CPU
		{106684F4-6491-4E00-94C2-9EB14F90ADE5}.Release|Any CPU.ActiveCfg = Release|Any CPU
		{106684F4-6491-4E00-94C2-9EB14F90ADE5}.Release|Any CPU.Build.0 = Release|Any CPU
	EndGlobalSection
	GlobalSection(SolutionProperties) = preSolution
		HideSolutionNode = FALSE
	EndGlobalSection
	GlobalSection(ExtensibilityGlobals) = postSolution
		SolutionGuid = {2FEC2EEB-B0C6-489F-B912-9B4A193F3240}
	EndGlobalSection
EndGlobal
